
Microsoft Visual Studio Solution File, Format Version 12.00
# Visual Studio Version 16
VisualStudioVersion = 16.0.29409.12
MinimumVisualStudioVersion = 10.0.40219.1
Project("{FAE04EC0-301F-11D3-BF4B-00C04F79EFBC}") = "Lab18 WebApp", "Lab18 WebApp\Lab18 WebApp.csproj", "{24BC204C-A970-44CD-AF8C-0C88554560AE}"
EndProject
Global
	GlobalSection(SolutionConfigurationPlatforms) = preSolution
		Debug|Any CPU = Debug|Any CPU
		Release|Any CPU = Release|Any CPU
	EndGlobalSection
	GlobalSection(ProjectConfigurationPlatforms) = postSolution
		{24BC204C-A970-44CD-AF8C-0C88554560AE}.Debug|Any CPU.ActiveCfg = Debug|Any CPU
		{24BC204C-A970-44CD-AF8C-0C88554560AE}.Debug|Any CPU.Build.0 = Debug|Any CPU
		{24BC204C-A970-44CD-AF8C-0C88554560AE}.Release|Any CPU.ActiveCfg = Release|Any CPU
		{24BC204C-A970-44CD-AF8C-0C88554560AE}.Release|Any CPU.Build.0 = Release|Any CPU
	EndGlobalSection
	GlobalSection(SolutionProperties) = preSolution
		HideSolutionNode = FALSE
	EndGlobalSection
	GlobalSection(ExtensibilityGlobals) = postSolution
		SolutionGuid = {7B44DCF1-C63C-483A-A90E-5ECA39381FDE}
	EndGlobalSection
EndGlobal
